# Prisma Migrate lockfile v1

20201121091628-init
20201122100053-add-word-types
20201122100236-add-dates-to-word-types
20201122102742-change-id-types
20201122112657-add-name-to-word
20201123071039-add-interrogative-to-parts-of-speech
20201123073854-fix-enum-typo
20201123081257-add-voice-fields
20201125094213-updated-at